
Microsoft Visual Studio Solution File, Format Version 12.00
# Visual Studio Version 17
VisualStudioVersion = 17.14.36301.6 d17.14
MinimumVisualStudioVersion = 10.0.40219.1
Project("{FAE04EC0-301F-11D3-BF4B-00C04F79EFBC}") = "AdAstra", "AdAstra.csproj", "{7D2535E9-5EFC-4A1B-8522-5351CB84951E}"
EndProject
Global
	GlobalSection(SolutionConfigurationPlatforms) = preSolution
		Debug|Any CPU = Debug|Any CPU
		Release|Any CPU = Release|Any CPU
	EndGlobalSection
	GlobalSection(ProjectConfigurationPlatforms) = postSolution
		{7D2535E9-5EFC-4A1B-8522-5351CB84951E}.Debug|Any CPU.ActiveCfg = Debug|Any CPU
		{7D2535E9-5EFC-4A1B-8522-5351CB84951E}.Debug|Any CPU.Build.0 = Debug|Any CPU
		{7D2535E9-5EFC-4A1B-8522-5351CB84951E}.Release|Any CPU.ActiveCfg = Release|Any CPU
		{7D2535E9-5EFC-4A1B-8522-5351CB84951E}.Release|Any CPU.Build.0 = Release|Any CPU
	EndGlobalSection
	GlobalSection(SolutionProperties) = preSolution
		HideSolutionNode = FALSE
	EndGlobalSection
	GlobalSection(ExtensibilityGlobals) = postSolution
		SolutionGuid = {3E44C655-7EB3-4F1A-A316-7A85A546E014}
	EndGlobalSection
EndGlobal
